
Microsoft Visual Studio Solution File, Format Version 12.00
# Visual Studio Version 17
VisualStudioVersion = 17.3.32922.545
MinimumVisualStudioVersion = 10.0.40219.1
Project("{FAE04EC0-301F-11D3-BF4B-00C04F79EFBC}") = "ConsoleApp1", "ConsoleApp1\ConsoleApp1.csproj", "{BA58AE7F-703E-4AE6-B73B-AC8174C1B9D5}"
EndProject
Global
	GlobalSection(SolutionConfigurationPlatforms) = preSolution
		Debug|Any CPU = Debug|Any CPU
		Release|Any CPU = Release|Any CPU
	EndGlobalSection
	GlobalSection(ProjectConfigurationPlatforms) = postSolution
		{BA58AE7F-703E-4AE6-B73B-AC8174C1B9D5}.Debug|Any CPU.ActiveCfg = Debug|Any CPU
		{BA58AE7F-703E-4AE6-B73B-AC8174C1B9D5}.Debug|Any CPU.Build.0 = Debug|Any CPU
		{BA58AE7F-703E-4AE6-B73B-AC8174C1B9D5}.Release|Any CPU.ActiveCfg = Release|Any CPU
		{BA58AE7F-703E-4AE6-B73B-AC8174C1B9D5}.Release|Any CPU.Build.0 = Release|Any CPU
	EndGlobalSection
	GlobalSection(SolutionProperties) = preSolution
		HideSolutionNode = FALSE
	EndGlobalSection
	GlobalSection(ExtensibilityGlobals) = postSolution
		SolutionGuid = {BD8D3635-4110-43F4-960E-DA90A267297F}
	EndGlobalSection
EndGlobal
